// !$*UTF8*$!
{
	archiveVersion = 1;
	classes = {
	};
	objectVersion = 56;
	objects = {
/* Begin PBXBuildFile section */
		1A1234560B1234567890ABCD /* EmailCleanApp.swift in Sources */ = {isa = PBXBuildFile; fileRef = 1A1234550B1234567890ABCD /* EmailCleanApp.swift */; };
		1A1234580B1234567890ABCD /* ContentView.swift in Sources */ = {isa = PBXBuildFile; fileRef = 1A1234570B1234567890ABCD /* ContentView.swift */; };
		1A12345A0B1234567890ABCD /* Assets.xcassets in Resources */ = {isa = PBXBuildFile; fileRef = 1A1234590B1234567890ABCD /* Assets.xcassets */; };
		1A12345D0B1234567890ABCD /* Preview Assets.xcassets in Resources */ = {isa = PBXBuildFile; fileRef = 1A12345C0B1234567890ABCD /* Preview Assets.xcassets */; };
		1A1234670B1234567890ABCD /* EmailCleanTests.swift in Sources */ = {isa = PBXBuildFile; fileRef = 1A1234660B1234567890ABCD /* EmailCleanTests.swift */; };
		1A1234710B1234567890ABCD /* EmailCleanUITests.swift in Sources */ = {isa = PBXBuildFile; fileRef = 1A1234700B1234567890ABCD /* EmailCleanUITests.swift */; };
		1A1234730B1234567890ABCD /* EmailCleanUITestsLaunchTests.swift in Sources */ = {isa = PBXBuildFile; fileRef = 1A1234720B1234567890ABCD /* EmailCleanUITestsLaunchTests.swift */; };
		1A1234800B1234567890ABCD /* LoginView.swift in Sources */ = {isa = PBXBuildFile; fileRef = 1A12347F0B1234567890ABCD /* LoginView.swift */; };
		1A1234820B1234567890ABCD /* MainMailboxView.swift in Sources */ = {isa = PBXBuildFile; fileRef = 1A1234810B1234567890ABCD /* MainMailboxView.swift */; };
		1A1234840B1234567890ABCD /* EmailAccountService.swift in Sources */ = {isa = PBXBuildFile; fileRef = 1A1234830B1234567890ABCD /* EmailAccountService.swift */; };
		1A1234860B1234567890ABCD /* BackendAPIClient.swift in Sources */ = {isa = PBXBuildFile; fileRef = 1A1234850B1234567890ABCD /* BackendAPIClient.swift */; };
		1A1234880B1234567890ABCD /* Email.swift in Sources */ = {isa = PBXBuildFile; fileRef = 1A1234870B1234567890ABCD /* Email.swift */; };
		1A12348A0B1234567890ABCD /* EmailAccount.swift in Sources */ = {isa = PBXBuildFile; fileRef = 1A1234890B1234567890ABCD /* EmailAccount.swift */; };
		1A12348C0B1234567890ABCD /* User.swift in Sources */ = {isa = PBXBuildFile; fileRef = 1A12348B0B1234567890ABCD /* User.swift */; };
		1A12348E0B1234567890ABCD /* MainViewModel.swift in Sources */ = {isa = PBXBuildFile; fileRef = 1A12348D0B1234567890ABCD /* MainViewModel.swift */; };
		1A1234900B1234567890ABCD /* LoginViewModel.swift in Sources */ = {isa = PBXBuildFile; fileRef = 1A12348F0B1234567890ABCD /* LoginViewModel.swift */; };
/* End PBXBuildFile section */

/* Begin PBXContainerItemProxy section */
		1A1234630B1234567890ABCD /* PBXContainerItemProxy */ = {
			isa = PBXContainerItemProxy;
			containerPortal = 1A12344A0B1234567890ABCD /* Project object */;
			proxyType = 1;
			remoteGlobalIDString = 1A1234510B1234567890ABCD;
			remoteInfo = EmailClean;
		};
		1A12346D0B1234567890ABCD /* PBXContainerItemProxy */ = {
			isa = PBXContainerItemProxy;
			containerPortal = 1A12344A0B1234567890ABCD /* Project object */;
			proxyType = 1;
			remoteGlobalIDString = 1A1234510B1234567890ABCD;
			remoteInfo = EmailClean;
		};
/* End PBXContainerItemProxy section */

/* Begin PBXFileReference section */
		1A1234520B1234567890ABCD /* EmailClean.app */ = {isa = PBXFileReference; explicitFileType = wrapper.application; includeInIndex = 0; path = EmailClean.app; sourceTree = BUILT_PRODUCTS_DIR; };
		1A1234550B1234567890ABCD /* EmailCleanApp.swift */ = {isa = PBXFileReference; lastKnownFileType = sourcecode.swift; path = EmailCleanApp.swift; sourceTree = "<group>"; };
		1A1234570B1234567890ABCD /* ContentView.swift */ = {isa = PBXFileReference; lastKnownFileType = sourcecode.swift; path = ContentView.swift; sourceTree = "<group>"; };
		1A1234590B1234567890ABCD /* Assets.xcassets */ = {isa = PBXFileReference; lastKnownFileType = folder.assetcatalog; path = Assets.xcassets; sourceTree = "<group>"; };
		1A12345C0B1234567890ABCD /* Preview Assets.xcassets */ = {isa = PBXFileReference; lastKnownFileType = folder.assetcatalog; path = "Preview Assets.xcassets"; sourceTree = "<group>"; };
		1A1234620B1234567890ABCD /* EmailCleanTests.xctest */ = {isa = PBXFileReference; explicitFileType = wrapper.cfbundle; includeInIndex = 0; path = EmailCleanTests.xctest; sourceTree = BUILT_PRODUCTS_DIR; };
		1A1234660B1234567890ABCD /* EmailCleanTests.swift */ = {isa = PBXFileReference; lastKnownFileType = sourcecode.swift; path = EmailCleanTests.swift; sourceTree = "<group>"; };
		1A12346C0B1234567890ABCD /* EmailCleanUITests.xctest */ = {isa = PBXFileReference; explicitFileType = wrapper.cfbundle; includeInIndex = 0; path = EmailCleanUITests.xctest; sourceTree = BUILT_PRODUCTS_DIR; };
		1A1234700B1234567890ABCD /* EmailCleanUITests.swift */ = {isa = PBXFileReference; lastKnownFileType = sourcecode.swift; path = EmailCleanUITests.swift; sourceTree = "<group>"; };
		1A1234720B1234567890ABCD /* EmailCleanUITestsLaunchTests.swift */ = {isa = PBXFileReference; lastKnownFileType = sourcecode.swift; path = EmailCleanUITestsLaunchTests.swift; sourceTree = "<group>"; };
		1A12347F0B1234567890ABCD /* LoginView.swift */ = {isa = PBXFileReference; lastKnownFileType = sourcecode.swift; path = LoginView.swift; sourceTree = "<group>"; };
		1A1234810B1234567890ABCD /* MainMailboxView.swift */ = {isa = PBXFileReference; lastKnownFileType = sourcecode.swift; path = MainMailboxView.swift; sourceTree = "<group>"; };
		1A1234830B1234567890ABCD /* EmailAccountService.swift */ = {isa = PBXFileReference; lastKnownFileType = sourcecode.swift; path = EmailAccountService.swift; sourceTree = "<group>"; };
		1A1234850B1234567890ABCD /* BackendAPIClient.swift */ = {isa = PBXFileReference; lastKnownFileType = sourcecode.swift; path = BackendAPIClient.swift; sourceTree = "<group>"; };
		1A1234870B1234567890ABCD /* Email.swift */ = {isa = PBXFileReference; lastKnownFileType = sourcecode.swift; path = Email.swift; sourceTree = "<group>"; };
		1A1234890B1234567890ABCD /* EmailAccount.swift */ = {isa = PBXFileReference; lastKnownFileType = sourcecode.swift; path = EmailAccount.swift; sourceTree = "<group>"; };
		1A12348B0B1234567890ABCD /* User.swift */ = {isa = PBXFileReference; lastKnownFileType = sourcecode.swift; path = User.swift; sourceTree = "<group>"; };
		1A12348D0B1234567890ABCD /* MainViewModel.swift */ = {isa = PBXFileReference; lastKnownFileType = sourcecode.swift; path = MainViewModel.swift; sourceTree = "<group>"; };
		1A12348F0B1234567890ABCD /* LoginViewModel.swift */ = {isa = PBXFileReference; lastKnownFileType = sourcecode.swift; path = LoginViewModel.swift; sourceTree = "<group>"; };
		1A1234910B1234567890ABCD /* Info.plist */ = {isa = PBXFileReference; lastKnownFileType = text.plist.xml; path = Info.plist; sourceTree = "<group>"; };
/* End PBXFileReference section */

/* Begin PBXFrameworksBuildPhase section */
		1A12344F0B1234567890ABCD /* Frameworks */ = {
			isa = PBXFrameworksBuildPhase;
			buildActionMask = 2147483647;
			files = (
			);
			runOnlyForDeploymentPostprocessing = 0;
		};
		1A12345F0B1234567890ABCD /* Frameworks */ = {
			isa = PBXFrameworksBuildPhase;
			buildActionMask = 2147483647;
			files = (
			);
			runOnlyForDeploymentPostprocessing = 0;
		};
		1A1234690B1234567890ABCD /* Frameworks */ = {
			isa = PBXFrameworksBuildPhase;
			buildActionMask = 2147483647;
			files = (
			);
			runOnlyForDeploymentPostprocessing = 0;
		};
/* End PBXFrameworksBuildPhase section */

/* Begin PBXGroup section */
		1A1234490B1234567890ABCD = {
			isa = PBXGroup;
			children = (
				1A1234540B1234567890ABCD /* EmailClean */,
				1A1234650B1234567890ABCD /* EmailCleanTests */,
				1A12346F0B1234567890ABCD /* EmailCleanUITests */,
				1A1234530B1234567890ABCD /* Products */,
			);
			sourceTree = "<group>";
		};
		1A1234530B1234567890ABCD /* Products */ = {
			isa = PBXGroup;
			children = (
				1A1234520B1234567890ABCD /* EmailClean.app */,
				1A1234620B1234567890ABCD /* EmailCleanTests.xctest */,
				1A12346C0B1234567890ABCD /* EmailCleanUITests.xctest */,
			);
			name = Products;
			sourceTree = "<group>";
		};
		1A1234540B1234567890ABCD /* EmailClean */ = {
			isa = PBXGroup;
			children = (
				1A1234550B1234567890ABCD /* EmailCleanApp.swift */,
				1A1234570B1234567890ABCD /* ContentView.swift */,
				1A1234920B1234567890ABCD /* Views */,
				1A1234930B1234567890ABCD /* ViewModels */,
				1A1234940B1234567890ABCD /* Models */,
				1A1234950B1234567890ABCD /* Services */,
				1A1234960B1234567890ABCD /* BackendAPI */,
				1A1234590B1234567890ABCD /* Assets.xcassets */,
				1A1234910B1234567890ABCD /* Info.plist */,
				1A12345B0B1234567890ABCD /* Preview Content */,
			);
			path = EmailClean;
			sourceTree = "<group>";
		};
		1A12345B0B1234567890ABCD /* Preview Content */ = {
			isa = PBXGroup;
			children = (
				1A12345C0B1234567890ABCD /* Preview Assets.xcassets */,
			);
			path = "Preview Content";
			sourceTree = "<group>";
		};
		1A1234650B1234567890ABCD /* EmailCleanTests */ = {
			isa = PBXGroup;
			children = (
				1A1234660B1234567890ABCD /* EmailCleanTests.swift */,
			);
			path = EmailCleanTests;
			sourceTree = "<group>";
		};
		1A12346F0B1234567890ABCD /* EmailCleanUITests */ = {
			isa = PBXGroup;
			children = (
				1A1234700B1234567890ABCD /* EmailCleanUITests.swift */,
				1A1234720B1234567890ABCD /* EmailCleanUITestsLaunchTests.swift */,
			);
			path = EmailCleanUITests;
			sourceTree = "<group>";
		};
		1A1234920B1234567890ABCD /* Views */ = {
			isa = PBXGroup;
			children = (
				1A12347F0B1234567890ABCD /* LoginView.swift */,
				1A1234810B1234567890ABCD /* MainMailboxView.swift */,
			);
			path = Views;
			sourceTree = "<group>";
		};
		1A1234930B1234567890ABCD /* ViewModels */ = {
			isa = PBXGroup;
			children = (
				1A12348D0B1234567890ABCD /* MainViewModel.swift */,
				1A12348F0B1234567890ABCD /* LoginViewModel.swift */,
			);
			path = ViewModels;
			sourceTree = "<group>";
		};
		1A1234940B1234567890ABCD /* Models */ = {
			isa = PBXGroup;
			children = (
				1A1234870B1234567890ABCD /* Email.swift */,
				1A1234890B1234567890ABCD /* EmailAccount.swift */,
				1A12348B0B1234567890ABCD /* User.swift */,
			);
			path = Models;
			sourceTree = "<group>";
		};
		1A1234950B1234567890ABCD /* Services */ = {
			isa = PBXGroup;
			children = (
				1A1234830B1234567890ABCD /* EmailAccountService.swift */,
			);
			path = Services;
			sourceTree = "<group>";
		};
		1A1234960B1234567890ABCD /* BackendAPI */ = {
			isa = PBXGroup;
			children = (
				1A1234850B1234567890ABCD /* BackendAPIClient.swift */,
			);
			path = BackendAPI;
			sourceTree = "<group>";
		};
/* End PBXGroup section */

/* Begin PBXNativeTarget section */
		1A1234510B1234567890ABCD /* EmailClean */ = {
			isa = PBXNativeTarget;
			buildConfigurationList = 1A1234760B1234567890ABCD /* Build configuration list for PBXNativeTarget "EmailClean" */;
			buildPhases = (
				1A12344E0B1234567890ABCD /* Sources */,
				1A12344F0B1234567890ABCD /* Frameworks */,
				1A1234500B1234567890ABCD /* Resources */,
			);
			buildRules = (
			);
			dependencies = (
			);
			name = EmailClean;
			productName = EmailClean;
			productReference = 1A1234520B1234567890ABCD /* EmailClean.app */;
			productType = "com.apple.product-type.application";
		};
		1A1234610B1234567890ABCD /* EmailCleanTests */ = {
			isa = PBXNativeTarget;
			buildConfigurationList = 1A1234790B1234567890ABCD /* Build configuration list for PBXNativeTarget "EmailCleanTests" */;
			buildPhases = (
				1A12345E0B1234567890ABCD /* Sources */,
				1A12345F0B1234567890ABCD /* Frameworks */,
				1A1234600B1234567890ABCD /* Resources */,
			);
			buildRules = (
			);
			dependencies = (
				1A1234640B1234567890ABCD /* PBXTargetDependency */,
			);
			name = EmailCleanTests;
			productName = EmailCleanTests;
			productReference = 1A1234620B1234567890ABCD /* EmailCleanTests.xctest */;
			productType = "com.apple.product-type.bundle.unit-test";
		};
		1A12346B0B1234567890ABCD /* EmailCleanUITests */ = {
			isa = PBXNativeTarget;
			buildConfigurationList = 1A12347C0B1234567890ABCD /* Build configuration list for PBXNativeTarget "EmailCleanUITests" */;
			buildPhases = (
				1A1234680B1234567890ABCD /* Sources */,
				1A1234690B1234567890ABCD /* Frameworks */,
				1A12346A0B1234567890ABCD /* Resources */,
			);
			buildRules = (
			);
			dependencies = (
				1A12346E0B1234567890ABCD /* PBXTargetDependency */,
			);
			name = EmailCleanUITests;
			productName = EmailCleanUITests;
			productReference = 1A12346C0B1234567890ABCD /* EmailCleanUITests.xctest */;
			productType = "com.apple.product-type.bundle.ui-testing";
		};
/* End PBXNativeTarget section */

/* Begin PBXProject section */
		1A12344A0B1234567890ABCD /* Project object */ = {
			isa = PBXProject;
			attributes = {
				BuildIndependentTargetsInParallel = 1;
				LastSwiftUpdateCheck = 1540;
				LastUpgradeCheck = 1540;
				TargetAttributes = {
					1A1234510B1234567890ABCD = {
						CreatedOnToolsVersion = 15.4;
					};
					1A1234610B1234567890ABCD = {
						CreatedOnToolsVersion = 15.4;
						TestTargetID = 1A1234510B1234567890ABCD;
					};
					1A12346B0B1234567890ABCD = {
						CreatedOnToolsVersion = 15.4;
						TestTargetID = 1A1234510B1234567890ABCD;
					};
				};
			};
			buildConfigurationList = 1A12344D0B1234567890ABCD /* Build configuration list for PBXProject "EmailClean" */;
			compatibilityVersion = "Xcode 14.0";
			developmentRegion = en;
			hasScannedForEncodings = 0;
			knownRegions = (
				en,
				Base,
			);
			mainGroup = 1A1234490B1234567890ABCD;
			productRefGroup = 1A1234530B1234567890ABCD /* Products */;
			projectDirPath = "";
			projectRoot = "";
			targets = (
				1A1234510B1234567890ABCD /* EmailClean */,
				1A1234610B1234567890ABCD /* EmailCleanTests */,
				1A12346B0B1234567890ABCD /* EmailCleanUITests */,
			);
		};
/* End PBXProject section */

/* Begin PBXResourcesBuildPhase section */
		1A1234500B1234567890ABCD /* Resources */ = {
			isa = PBXResourcesBuildPhase;
			buildActionMask = 2147483647;
			files = (
				1A12345D0B1234567890ABCD /* Preview Assets.xcassets in Resources */,
				1A12345A0B1234567890ABCD /* Assets.xcassets in Resources */,
			);
			runOnlyForDeploymentPostprocessing = 0;
		};
		1A1234600B1234567890ABCD /* Resources */ = {
			isa = PBXResourcesBuildPhase;
			buildActionMask = 2147483647;
			files = (
			);
			runOnlyForDeploymentPostprocessing = 0;
		};
		1A12346A0B1234567890ABCD /* Resources */ = {
			isa = PBXResourcesBuildPhase;
			buildActionMask = 2147483647;
			files = (
			);
			runOnlyForDeploymentPostprocessing = 0;
		};
/* End PBXResourcesBuildPhase section */

/* Begin PBXSourcesBuildPhase section */
		1A12344E0B1234567890ABCD /* Sources */ = {
			isa = PBXSourcesBuildPhase;
			buildActionMask = 2147483647;
			files = (
				1A1234800B1234567890ABCD /* LoginView.swift in Sources */,
				1A1234820B1234567890ABCD /* MainMailboxView.swift in Sources */,
				1A1234840B1234567890ABCD /* EmailAccountService.swift in Sources */,
				1A1234860B1234567890ABCD /* BackendAPIClient.swift in Sources */,
				1A1234880B1234567890ABCD /* Email.swift in Sources */,
				1A12348A0B1234567890ABCD /* EmailAccount.swift in Sources */,
				1A12348C0B1234567890ABCD /* User.swift in Sources */,
				1A12348E0B1234567890ABCD /* MainViewModel.swift in Sources */,
				1A1234900B1234567890ABCD /* LoginViewModel.swift in Sources */,
				1A1234580B1234567890ABCD /* ContentView.swift in Sources */,
				1A1234560B1234567890ABCD /* EmailCleanApp.swift in Sources */,
			);
			runOnlyForDeploymentPostprocessing = 0;
		};
		1A12345E0B1234567890ABCD /* Sources */ = {
			isa = PBXSourcesBuildPhase;
			buildActionMask = 2147483647;
			files = (
				1A1234670B1234567890ABCD /* EmailCleanTests.swift in Sources */,
			);
			runOnlyForDeploymentPostprocessing = 0;
		};
		1A1234680B1234567890ABCD /* Sources */ = {
			isa = PBXSourcesBuildPhase;
			buildActionMask = 2147483647;
			files = (
				1A1234730B1234567890ABCD /* EmailCleanUITestsLaunchTests.swift in Sources */,
				1A1234710B1234567890ABCD /* EmailCleanUITests.swift in Sources */,
			);
			runOnlyForDeploymentPostprocessing = 0;
		};
/* End PBXSourcesBuildPhase section */

/* Begin PBXTargetDependency section */
		1A1234640B1234567890ABCD /* PBXTargetDependency */ = {
			isa = PBXTargetDependency;
			target = 1A1234510B1234567890ABCD /* EmailClean */;
			targetProxy = 1A1234630B1234567890ABCD /* PBXContainerItemProxy */;
		};
		1A12346E0B1234567890ABCD /* PBXTargetDependency */ = {
			isa = PBXTargetDependency;
			target = 1A1234510B1234567890ABCD /* EmailClean */;
			targetProxy = 1A12346D0B1234567890ABCD /* PBXContainerItemProxy */;
		};
/* End PBXTargetDependency section */

/* Begin XCBuildConfiguration section */
		1A1234740B1234567890ABCD /* Debug */ = {
			isa = XCBuildConfiguration;
			buildSettings = {
				ALWAYS_SEARCH_USER_PATHS = NO;
				ASSETCATALOG_COMPILER_GENERATE_SWIFT_ASSET_SYMBOL_EXTENSIONS = YES;
				CLANG_ANALYZER_NONNULL = YES;
				CLANG_ANALYZER_NUMBER_OBJECT_CONVERSION = YES_AGGRESSIVE;
				CLANG_CXX_LANGUAGE_STANDARD = "gnu++20";
				CLANG_ENABLE_MODULES = YES;
				CLANG_ENABLE_OBJC_ARC = YES;
				CLANG_ENABLE_OBJC_WEAK = YES;
				CLANG_WARN_BLOCK_CAPTURE_AUTORELEASING = YES;
				CLANG_WARN_BOOL_CONVERSION = YES;
				CLANG_WARN_COMMA = YES;
				CLANG_WARN_CONSTANT_CONVERSION = YES;
				CLANG_WARN_DEPRECATED_OBJC_IMPLEMENTATIONS = YES;
				CLANG_WARN_DIRECT_OBJC_ISA_USAGE = YES_ERROR;
				CLANG_WARN_DOCUMENTATION_COMMENTS = YES;
				CLANG_WARN_EMPTY_BODY = YES;
				CLANG_WARN_ENUM_CONVERSION = YES;
				CLANG_WARN_INFINITE_RECURSION = YES;
				CLANG_WARN_INT_CONVERSION = YES;
				CLANG_WARN_NON_LITERAL_NULL_CONVERSION = YES;
				CLANG_WARN_OBJC_IMPLICIT_RETAIN_SELF = YES;
				CLANG_WARN_OBJC_LITERAL_CONVERSION = YES;
				CLANG_WARN_OBJC_ROOT_CLASS = YES_ERROR;
				CLANG_WARN_QUOTED_INCLUDE_IN_FRAMEWORK_HEADER = YES;
				CLANG_WARN_RANGE_LOOP_ANALYSIS = YES;
				CLANG_WARN_STRICT_PROTOTYPES = YES;
				CLANG_WARN_SUSPICIOUS_MOVE = YES;
				CLANG_WARN_UNGUARDED_AVAILABILITY = YES_AGGRESSIVE;
				CLANG_WARN_UNREACHABLE_CODE = YES;
				CLANG_WARN__DUPLICATE_METHOD_MATCH = YES;
				COPY_PHASE_STRIP = NO;
				DEBUG_INFORMATION_FORMAT = dwarf;
				ENABLE_STRICT_OBJC_MSGSEND = YES;
				ENABLE_TESTABILITY = YES;
				ENABLE_USER_SCRIPT_SANDBOXING = YES;
				GCC_C_LANGUAGE_STANDARD = gnu17;
				GCC_DYNAMIC_NO_PIC = NO;
				GCC_NO_COMMON_BLOCKS = YES;
				GCC_OPTIMIZATION_LEVEL = 0;
				GCC_PREPROCESSOR_DEFINITIONS = (
					"DEBUG=1",
					"$(inherited)",
				);
				GCC_WARN_64_TO_32_BIT_CONVERSION = YES;
				GCC_WARN_ABOUT_RETURN_TYPE = YES_ERROR;
				GCC_WARN_UNDECLARED_SELECTOR = YES;
				GCC_WARN_UNINITIALIZED_AUTOS = YES_AGGRESSIVE;
				GCC_WARN_UNUSED_FUNCTION = YES;
				GCC_WARN_UNUSED_VARIABLE = YES;
				IPHONEOS_DEPLOYMENT_TARGET = 17.0;
				LOCALIZATION_PREFERS_STRING_CATALOGS = YES;
				MTL_ENABLE_DEBUG_INFO = INCLUDE_SOURCE;
				MTL_FAST_MATH = YES;
				ONLY_ACTIVE_ARCH = YES;
				SDKROOT = iphoneos;
				SWIFT_ACTIVE_COMPILATION_CONDITIONS = "DEBUG $(inherited)";
				SWIFT_OPTIMIZATION_LEVEL = "-Onone";
			};
			name = Debug;
		};
		1A1234750B1234567890ABCD /* Release */ = {
			isa = XCBuildConfiguration;
			buildSettings = {
				ALWAYS_SEARCH_USER_PATHS = NO;
				ASSETCATALOG_COMPILER_GENERATE_SWIFT_ASSET_SYMBOL_EXTENSIONS = YES;
				CLANG_ANALYZER_NONNULL = YES;
				CLANG_ANALYZER_NUMBER_OBJECT_CONVERSION = YES_AGGRESSIVE;
				CLANG_CXX_LANGUAGE_STANDARD = "gnu++20";
				CLANG_ENABLE_MODULES = YES;
				CLANG_ENABLE_OBJC_ARC = YES;
				CLANG_ENABLE_OBJC_WEAK = YES;
				CLANG_WARN_BLOCK_CAPTURE_AUTORELEASING = YES;
				CLANG_WARN_BOOL_CONVERSION = YES;
				CLANG_WARN_COMMA = YES;
				CLANG_WARN_CONSTANT_CONVERSION = YES;
				CLANG_WARN_DEPRECATED_OBJC_IMPLEMENTATIONS = YES;
				CLANG_WARN_DIRECT_OBJC_ISA_USAGE = YES_ERROR;
				CLANG_WARN_DOCUMENTATION_COMMENTS = YES;
				CLANG_WARN_EMPTY_BODY = YES;
				CLANG_WARN_ENUM_CONVERSION = YES;
				CLANG_WARN_INFINITE_RECURSION = YES;
				CLANG_WARN_INT_CONVERSION = YES;
				CLANG_WARN_NON_LITERAL_NULL_CONVERSION = YES;
				CLANG_WARN_OBJC_IMPLICIT_RETAIN_SELF = YES;
				CLANG_WARN_OBJC_LITERAL_CONVERSION = YES;
				CLANG_WARN_OBJC_ROOT_CLASS = YES_ERROR;
				CLANG_WARN_QUOTED_INCLUDE_IN_FRAMEWORK_HEADER = YES;
				CLANG_WARN_RANGE_LOOP_ANALYSIS = YES;
				CLANG_WARN_STRICT_PROTOTYPES = YES;
				CLANG_WARN_SUSPICIOUS_MOVE = YES;
				CLANG_WARN_UNGUARDED_AVAILABILITY = YES_AGGRESSIVE;
				CLANG_WARN_UNREACHABLE_CODE = YES;
				CLANG_WARN__DUPLICATE_METHOD_MATCH = YES;
				COPY_PHASE_STRIP = NO;
				DEBUG_INFORMATION_FORMAT = "dwarf-with-dsym";
				ENABLE_NS_ASSERTIONS = NO;
				ENABLE_STRICT_OBJC_MSGSEND = YES;
				ENABLE_USER_SCRIPT_SANDBOXING = YES;
				GCC_C_LANGUAGE_STANDARD = gnu17;
				GCC_NO_COMMON_BLOCKS = YES;
				GCC_WARN_64_TO_32_BIT_CONVERSION = YES;
				GCC_WARN_ABOUT_RETURN_TYPE = YES_ERROR;
				GCC_WARN_UNDECLARED_SELECTOR = YES;
				GCC_WARN_UNINITIALIZED_AUTOS = YES_AGGRESSIVE;
				GCC_WARN_UNUSED_FUNCTION = YES;
				GCC_WARN_UNUSED_VARIABLE = YES;
				IPHONEOS_DEPLOYMENT_TARGET = 17.0;
				LOCALIZATION_PREFERS_STRING_CATALOGS = YES;
				MTL_ENABLE_DEBUG_INFO = NO;
				MTL_FAST_MATH = YES;
				SDKROOT = iphoneos;
				SWIFT_COMPILATION_MODE = wholemodule;
				VALIDATE_PRODUCT = YES;
			};
			name = Release;
		};
		1A1234770B1234567890ABCD /* Debug */ = {
			isa = XCBuildConfiguration;
			buildSettings = {
				ASSETCATALOG_COMPILER_APPICON_NAME = AppIcon;
				ASSETCATALOG_COMPILER_GLOBAL_ACCENT_COLOR_NAME = AccentColor;
				CODE_SIGN_STYLE = Automatic;
				CURRENT_PROJECT_VERSION = 1;
				DEVELOPMENT_ASSET_PATHS = "\"EmailClean/Preview Content\"";
				DEVELOPMENT_TEAM = "";
				ENABLE_PREVIEWS = YES;
				GENERATE_INFOPLIST_FILE = NO;
				INFOPLIST_FILE = EmailClean/Info.plist;
				INFOPLIST_KEY_UIApplicationSceneManifest_Generation = YES;
				INFOPLIST_KEY_UIApplicationSupportsIndirectInputEvents = YES;
				INFOPLIST_KEY_UILaunchScreen_Generation = YES;
				INFOPLIST_KEY_UISupportedInterfaceOrientations_iPad = "UIInterfaceOrientationPortrait UIInterfaceOrientationPortraitUpsideDown UIInterfaceOrientationLandscapeLeft UIInterfaceOrientationLandscapeRight";
				INFOPLIST_KEY_UISupportedInterfaceOrientations_iPhone = "UIInterfaceOrientationPortrait UIInterfaceOrientationLandscapeLeft UIInterfaceOrientationLandscapeRight";
				LD_RUNPATH_SEARCH_PATHS = (
					"$(inherited)",
					"@executable_path/Frameworks",
				);
				MARKETING_VERSION = 1.0;
				PRODUCT_BUNDLE_IDENTIFIER = com.emailclean.EmailClean;
				PRODUCT_NAME = "$(TARGET_NAME)";
				SWIFT_EMIT_LOC_STRINGS = YES;
				SWIFT_VERSION = 5.0;
				TARGETED_DEVICE_FAMILY = "1,2";
			};
			name = Debug;
		};
		1A1234780B1234567890ABCD /* Release */ = {
			isa = XCBuildConfiguration;
			buildSettings = {
				ASSETCATALOG_COMPILER_APPICON_NAME = AppIcon;
				ASSETCATALOG_COMPILER_GLOBAL_ACCENT_COLOR_NAME = AccentColor;
				CODE_SIGN_STYLE = Automatic;
				CURRENT_PROJECT_VERSION = 1;
				DEVELOPMENT_ASSET_PATHS = "\"EmailClean/Preview Content\"";
				DEVELOPMENT_TEAM = "";
				ENABLE_PREVIEWS = YES;
				GENERATE_INFOPLIST_FILE = NO;
				INFOPLIST_FILE = EmailClean/Info.plist;
				INFOPLIST_KEY_UIApplicationSceneManifest_Generation = YES;
				INFOPLIST_KEY_UIApplicationSupportsIndirectInputEvents = YES;
				INFOPLIST_KEY_UILaunchScreen_Generation = YES;
				INFOPLIST_KEY_UISupportedInterfaceOrientations_iPad = "UIInterfaceOrientationPortrait UIInterfaceOrientationPortraitUpsideDown UIInterfaceOrientationLandscapeLeft UIInterfaceOrientationLandscapeRight";
				INFOPLIST_KEY_UISupportedInterfaceOrientations_iPhone = "UIInterfaceOrientationPortrait UIInterfaceOrientationLandscapeLeft UIInterfaceOrientationLandscapeRight";
				LD_RUNPATH_SEARCH_PATHS = (
					"$(inherited)",
					"@executable_path/Frameworks",
				);
				MARKETING_VERSION = 1.0;
				PRODUCT_BUNDLE_IDENTIFIER = com.emailclean.EmailClean;
				PRODUCT_NAME = "$(TARGET_NAME)";
				SWIFT_EMIT_LOC_STRINGS = YES;
				SWIFT_VERSION = 5.0;
				TARGETED_DEVICE_FAMILY = "1,2";
			};
			name = Release;
		};
		1A1234790B1234567890ABCD /* Debug */ = {
			isa = XCBuildConfiguration;
			buildSettings = {
				ALWAYS_EMBED_SWIFT_STANDARD_LIBRARIES = YES;
				BUNDLE_LOADER = "$(TEST_HOST)";
				CODE_SIGN_STYLE = Automatic;
				CURRENT_PROJECT_VERSION = 1;
				DEVELOPMENT_TEAM = "";
				GENERATE_INFOPLIST_FILE = YES;
				IPHONEOS_DEPLOYMENT_TARGET = 17.0;
				MARKETING_VERSION = 1.0;
				PRODUCT_BUNDLE_IDENTIFIER = com.emailclean.EmailCleanTests;
				PRODUCT_NAME = "$(TARGET_NAME)";
				SWIFT_EMIT_LOC_STRINGS = NO;
				SWIFT_VERSION = 5.0;
				TARGETED_DEVICE_FAMILY = "1,2";
				TEST_HOST = "$(BUILT_PRODUCTS_DIR)/EmailClean.app/$(BUNDLE_EXECUTABLE_FOLDER_PATH)/EmailClean";
			};
			name = Debug;
		};
		1A12347A0B1234567890ABCD /* Release */ = {
			isa = XCBuildConfiguration;
			buildSettings = {
				ALWAYS_EMBED_SWIFT_STANDARD_LIBRARIES = YES;
				BUNDLE_LOADER = "$(TEST_HOST)";
				CODE_SIGN_STYLE = Automatic;
				CURRENT_PROJECT_VERSION = 1;
				DEVELOPMENT_TEAM = "";
				GENERATE_INFOPLIST_FILE = YES;
				IPHONEOS_DEPLOYMENT_TARGET = 17.0;
				MARKETING_VERSION = 1.0;
				PRODUCT_BUNDLE_IDENTIFIER = com.emailclean.EmailCleanTests;
				PRODUCT_NAME = "$(TARGET_NAME)";
				SWIFT_EMIT_LOC_STRINGS = NO;
				SWIFT_VERSION = 5.0;
				TARGETED_DEVICE_FAMILY = "1,2";
				TEST_HOST = "$(BUILT_PRODUCTS_DIR)/EmailClean.app/$(BUNDLE_EXECUTABLE_FOLDER_PATH)/EmailClean";
			};
			name = Release;
		};
		1A12347C0B1234567890ABCD /* Debug */ = {
			isa = XCBuildConfiguration;
			buildSettings = {
				ALWAYS_EMBED_SWIFT_STANDARD_LIBRARIES = YES;
				CODE_SIGN_STYLE = Automatic;
				CURRENT_PROJECT_VERSION = 1;
				DEVELOPMENT_TEAM = "";
				GENERATE_INFOPLIST_FILE = YES;
				MARKETING_VERSION = 1.0;
				PRODUCT_BUNDLE_IDENTIFIER = com.emailclean.EmailCleanUITests;
				PRODUCT_NAME = "$(TARGET_NAME)";
				SWIFT_EMIT_LOC_STRINGS = NO;
				SWIFT_VERSION = 5.0;
				TARGETED_DEVICE_FAMILY = "1,2";
				TEST_TARGET_NAME = EmailClean;
			};
			name = Debug;
		};
		1A12347D0B1234567890ABCD /* Release */ = {
			isa = XCBuildConfiguration;
			buildSettings = {
				ALWAYS_EMBED_SWIFT_STANDARD_LIBRARIES = YES;
				CODE_SIGN_STYLE = Automatic;
				CURRENT_PROJECT_VERSION = 1;
				DEVELOPMENT_TEAM = "";
				GENERATE_INFOPLIST_FILE = YES;
				MARKETING_VERSION = 1.0;
				PRODUCT_BUNDLE_IDENTIFIER = com.emailclean.EmailCleanUITests;
				PRODUCT_NAME = "$(TARGET_NAME)";
				SWIFT_EMIT_LOC_STRINGS = NO;
				SWIFT_VERSION = 5.0;
				TARGETED_DEVICE_FAMILY = "1,2";
				TEST_TARGET_NAME = EmailClean;
			};
			name = Release;
		};
/* End XCBuildConfiguration section */

/* Begin XCConfigurationList section */
		1A12344D0B1234567890ABCD /* Build configuration list for PBXProject "EmailClean" */ = {
			isa = XCConfigurationList;
			buildConfigurations = (
				1A1234740B1234567890ABCD /* Debug */,
				1A1234750B1234567890ABCD /* Release */,
			);
			defaultConfigurationIsVisible = 0;
			defaultConfigurationName = Release;
		};
		1A1234760B1234567890ABCD /* Build configuration list for PBXNativeTarget "EmailClean" */ = {
			isa = XCConfigurationList;
			buildConfigurations = (
				1A1234770B1234567890ABCD /* Debug */,
				1A1234780B1234567890ABCD /* Release */,
			);
			defaultConfigurationIsVisible = 0;
			defaultConfigurationName = Release;
		};
		1A1234790B1234567890ABCD /* Build configuration list for PBXNativeTarget "EmailCleanTests" */ = {
			isa = XCConfigurationList;
			buildConfigurations = (
				1A1234790B1234567890ABCD /* Debug */,
				1A12347A0B1234567890ABCD /* Release */,
			);
			defaultConfigurationIsVisible = 0;
			defaultConfigurationName = Release;
		};
		1A12347C0B1234567890ABCD /* Build configuration list for PBXNativeTarget "EmailCleanUITests" */ = {
			isa = XCConfigurationList;
			buildConfigurations = (
				1A12347C0B1234567890ABCD /* Debug */,
				1A12347D0B1234567890ABCD /* Release */,
			);
			defaultConfigurationIsVisible = 0;
			defaultConfigurationName = Release;
		};
/* End XCConfigurationList section */
	};
	rootObject = 1A12344A0B1234567890ABCD /* Project object */;
} 